
Microsoft Visual Studio Solution File, Format Version 12.00
# Visual Studio Version 17
VisualStudioVersion = 17.9.34701.34
MinimumVisualStudioVersion = 10.0.40219.1
Project("{FAE04EC0-301F-11D3-BF4B-00C04F79EFBC}") = "FoodApplication", "FoodApplication.csproj", "{077C42F5-D080-4BA6-B486-31F980BC278B}"
EndProject
Global
	GlobalSection(SolutionConfigurationPlatforms) = preSolution
		Debug|Any CPU = Debug|Any CPU
		Release|Any CPU = Release|Any CPU
	EndGlobalSection
	GlobalSection(ProjectConfigurationPlatforms) = postSolution
		{077C42F5-D080-4BA6-B486-31F980BC278B}.Debug|Any CPU.ActiveCfg = Debug|Any CPU
		{077C42F5-D080-4BA6-B486-31F980BC278B}.Debug|Any CPU.Build.0 = Debug|Any CPU
		{077C42F5-D080-4BA6-B486-31F980BC278B}.Release|Any CPU.ActiveCfg = Release|Any CPU
		{077C42F5-D080-4BA6-B486-31F980BC278B}.Release|Any CPU.Build.0 = Release|Any CPU
	EndGlobalSection
	GlobalSection(SolutionProperties) = preSolution
		HideSolutionNode = FALSE
	EndGlobalSection
	GlobalSection(ExtensibilityGlobals) = postSolution
		SolutionGuid = {889ABBC1-5445-4CA6-A027-6B99DD1D7A44}
	EndGlobalSection
EndGlobal
